PODS:
  - ChainableUIKit (0.1.0):
    - SnapKit
  - SnapKit (5.6.0)

DEPENDENCIES:
  - ChainableUIKit (from `../`)

SPEC REPOS:
  trunk:
    - SnapKit

EXTERNAL SOURCES:
  ChainableUIKit:
    :path: "../"

SPEC CHECKSUMS:
  ChainableUIKit: 04143847232e778550073201989a6521adceff47
  SnapKit: e01d52ebb8ddbc333eefe2132acf85c8227d9c25

PODFILE CHECKSUM: efb12deebf50d50229d880f9cee10faac5c37cb8

COCOAPODS: 1.11.3
