PODS:
  - ChainableUIKit (1.0.2):
    - SnapKit
  - SnapKit (5.6.0)

DEPENDENCIES:
  - ChainableUIKit (from `../`)

SPEC REPOS:
  trunk:
    - SnapKit

EXTERNAL SOURCES:
  ChainableUIKit:
    :path: "../"

SPEC CHECKSUMS:
  ChainableUIKit: 01337452c320403864ab2e6b35187d145f56d6b5
  SnapKit: e01d52ebb8ddbc333eefe2132acf85c8227d9c25

PODFILE CHECKSUM: efb12deebf50d50229d880f9cee10faac5c37cb8

COCOAPODS: 1.15.2
