PODS:
  - ChainableUIKit (0.1.2):
    - SnapKit
  - SnapKit (5.6.0)

DEPENDENCIES:
  - ChainableUIKit (from `../`)

SPEC REPOS:
  trunk:
    - SnapKit

EXTERNAL SOURCES:
  ChainableUIKit:
    :path: "../"

SPEC CHECKSUMS:
  ChainableUIKit: f085410a9561bcc5ad11b6d8ede7b040cbba1fb2
  SnapKit: e01d52ebb8ddbc333eefe2132acf85c8227d9c25

PODFILE CHECKSUM: efb12deebf50d50229d880f9cee10faac5c37cb8

COCOAPODS: 1.15.2
